// !$*UTF8*$!
{
	archiveVersion = 1;
	classes = {
	};
	objectVersion = 46;
	objects = {

/* Begin PBXBuildFile section */
		E213A5601E6F1C4F00C9E32C /* CongratsView.swift in Sources */ = {isa = PBXBuildFile; fileRef = E213A55F1E6F1C4F00C9E32C /* CongratsView.swift */; };
		E213A5621E6F1C7200C9E32C /* CongratsView.xib in Resources */ = {isa = PBXBuildFile; fileRef = E213A5611E6F1C7200C9E32C /* CongratsView.xib */; };
		E22BB2BE1E6744E900781EAB /* AppDelegate.swift in Sources */ = {isa = PBXBuildFile; fileRef = E22BB2BD1E6744E900781EAB /* AppDelegate.swift */; };
		E22BB2C31E6744E900781EAB /* Main.storyboard in Resources */ = {isa = PBXBuildFile; fileRef = E22BB2C11E6744E900781EAB /* Main.storyboard */; };
		E22BB2C51E6744E900781EAB /* Assets.xcassets in Resources */ = {isa = PBXBuildFile; fileRef = E22BB2C41E6744E900781EAB /* Assets.xcassets */; };
		E22BB2C81E6744E900781EAB /* LaunchScreen.storyboard in Resources */ = {isa = PBXBuildFile; fileRef = E22BB2C61E6744E900781EAB /* LaunchScreen.storyboard */; };
		E22BB2D61E676F5B00781EAB /* MatchingGameViewController.swift in Sources */ = {isa = PBXBuildFile; fileRef = E22BB2D51E676F5B00781EAB /* MatchingGameViewController.swift */; };
		E292AA211E68AD1800C5D890 /* squares in Resources */ = {isa = PBXBuildFile; fileRef = E292AA201E68AD1800C5D890 /* squares */; };
		E292AA231E68BC2300C5D890 /* MatchingGame.swift in Sources */ = {isa = PBXBuildFile; fileRef = E292AA221E68BC2300C5D890 /* MatchingGame.swift */; };
		E2C030F01E6DDAF300F53F51 /* HighScoresViewController.swift in Sources */ = {isa = PBXBuildFile; fileRef = E2C030EF1E6DDAF300F53F51 /* HighScoresViewController.swift */; };
		E2C030F21E6DED4400F53F51 /* HighScores.swift in Sources */ = {isa = PBXBuildFile; fileRef = E2C030F11E6DED4400F53F51 /* HighScores.swift */; };
/* End PBXBuildFile section */

/* Begin PBXFileReference section */
		E213A55F1E6F1C4F00C9E32C /* CongratsView.swift */ = {isa = PBXFileReference; fileEncoding = 4; lastKnownFileType = sourcecode.swift; path = CongratsView.swift; sourceTree = "<group>"; };
		E213A5611E6F1C7200C9E32C /* CongratsView.xib */ = {isa = PBXFileReference; fileEncoding = 4; lastKnownFileType = file.xib; path = CongratsView.xib; sourceTree = "<group>"; };
		E22BB2BA1E6744E900781EAB /* MatchingGame.app */ = {isa = PBXFileReference; explicitFileType = wrapper.application; includeInIndex = 0; path = MatchingGame.app; sourceTree = BUILT_PRODUCTS_DIR; };
		E22BB2BD1E6744E900781EAB /* AppDelegate.swift */ = {isa = PBXFileReference; lastKnownFileType = sourcecode.swift; path = AppDelegate.swift; sourceTree = "<group>"; };
		E22BB2C21E6744E900781EAB /* Base */ = {isa = PBXFileReference; lastKnownFileType = file.storyboard; name = Base; path = Base.lproj/Main.storyboard; sourceTree = "<group>"; };
		E22BB2C41E6744E900781EAB /* Assets.xcassets */ = {isa = PBXFileReference; lastKnownFileType = folder.assetcatalog; path = Assets.xcassets; sourceTree = "<group>"; };
		E22BB2C71E6744E900781EAB /* Base */ = {isa = PBXFileReference; lastKnownFileType = file.storyboard; name = Base; path = Base.lproj/LaunchScreen.storyboard; sourceTree = "<group>"; };
		E22BB2C91E6744E900781EAB /* Info.plist */ = {isa = PBXFileReference; lastKnownFileType = text.plist.xml; path = Info.plist; sourceTree = "<group>"; };
		E22BB2D51E676F5B00781EAB /* MatchingGameViewController.swift */ = {isa = PBXFileReference; fileEncoding = 4; lastKnownFileType = sourcecode.swift; path = MatchingGameViewController.swift; sourceTree = "<group>"; };
		E292AA201E68AD1800C5D890 /* squares */ = {isa = PBXFileReference; lastKnownFileType = folder; name = squares; path = Assets.xcassets/squares; sourceTree = "<group>"; };
		E292AA221E68BC2300C5D890 /* MatchingGame.swift */ = {isa = PBXFileReference; fileEncoding = 4; lastKnownFileType = sourcecode.swift; path = MatchingGame.swift; sourceTree = "<group>"; };
		E2C030EF1E6DDAF300F53F51 /* HighScoresViewController.swift */ = {isa = PBXFileReference; fileEncoding = 4; lastKnownFileType = sourcecode.swift; path = HighScoresViewController.swift; sourceTree = "<group>"; };
		E2C030F11E6DED4400F53F51 /* HighScores.swift */ = {isa = PBXFileReference; fileEncoding = 4; lastKnownFileType = sourcecode.swift; path = HighScores.swift; sourceTree = "<group>"; };
/* End PBXFileReference section */

/* Begin PBXFrameworksBuildPhase section */
		E22BB2B71E6744E900781EAB /* Frameworks */ = {
			isa = PBXFrameworksBuildPhase;
			buildActionMask = 2147483647;
			files = (
			);
			runOnlyForDeploymentPostprocessing = 0;
		};
/* End PBXFrameworksBuildPhase section */

/* Begin PBXGroup section */
		E22BB2B11E6744E900781EAB = {
			isa = PBXGroup;
			children = (
				E22BB2BC1E6744E900781EAB /* MatchingGame */,
				E22BB2BB1E6744E900781EAB /* Products */,
			);
			sourceTree = "<group>";
		};
		E22BB2BB1E6744E900781EAB /* Products */ = {
			isa = PBXGroup;
			children = (
				E22BB2BA1E6744E900781EAB /* MatchingGame.app */,
			);
			name = Products;
			sourceTree = "<group>";
		};
		E22BB2BC1E6744E900781EAB /* MatchingGame */ = {
			isa = PBXGroup;
			children = (
				E22BB2D51E676F5B00781EAB /* MatchingGameViewController.swift */,
				E2C030F11E6DED4400F53F51 /* HighScores.swift */,
				E2C030EF1E6DDAF300F53F51 /* HighScoresViewController.swift */,
				E292AA221E68BC2300C5D890 /* MatchingGame.swift */,
				E22BB2BD1E6744E900781EAB /* AppDelegate.swift */,
				E22BB2C11E6744E900781EAB /* Main.storyboard */,
				E22BB2C41E6744E900781EAB /* Assets.xcassets */,
				E213A55F1E6F1C4F00C9E32C /* CongratsView.swift */,
				E213A5611E6F1C7200C9E32C /* CongratsView.xib */,
				E292AA201E68AD1800C5D890 /* squares */,
				E22BB2C61E6744E900781EAB /* LaunchScreen.storyboard */,
				E22BB2C91E6744E900781EAB /* Info.plist */,
			);
			path = MatchingGame;
			sourceTree = "<group>";
		};
/* End PBXGroup section */

/* Begin PBXNativeTarget section */
		E22BB2B91E6744E900781EAB /* MatchingGame */ = {
			isa = PBXNativeTarget;
			buildConfigurationList = E22BB2CC1E6744E900781EAB /* Build configuration list for PBXNativeTarget "MatchingGame" */;
			buildPhases = (
				E22BB2B61E6744E900781EAB /* Sources */,
				E22BB2B71E6744E900781EAB /* Frameworks */,
				E22BB2B81E6744E900781EAB /* Resources */,
			);
			buildRules = (
			);
			dependencies = (
			);
			name = MatchingGame;
			productName = MatchingGame;
			productReference = E22BB2BA1E6744E900781EAB /* MatchingGame.app */;
			productType = "com.apple.product-type.application";
		};
/* End PBXNativeTarget section */

/* Begin PBXProject section */
		E22BB2B21E6744E900781EAB /* Project object */ = {
			isa = PBXProject;
			attributes = {
				LastSwiftUpdateCheck = 0820;
				LastUpgradeCheck = 0820;
				ORGANIZATIONNAME = Joy;
				TargetAttributes = {
					E22BB2B91E6744E900781EAB = {
						CreatedOnToolsVersion = 8.2.1;
						ProvisioningStyle = Automatic;
					};
				};
			};
			buildConfigurationList = E22BB2B51E6744E900781EAB /* Build configuration list for PBXProject "MatchingGame" */;
			compatibilityVersion = "Xcode 3.2";
			developmentRegion = English;
			hasScannedForEncodings = 0;
			knownRegions = (
				en,
				Base,
			);
			mainGroup = E22BB2B11E6744E900781EAB;
			productRefGroup = E22BB2BB1E6744E900781EAB /* Products */;
			projectDirPath = "";
			projectRoot = "";
			targets = (
				E22BB2B91E6744E900781EAB /* MatchingGame */,
			);
		};
/* End PBXProject section */

/* Begin PBXResourcesBuildPhase section */
		E22BB2B81E6744E900781EAB /* Resources */ = {
			isa = PBXResourcesBuildPhase;
			buildActionMask = 2147483647;
			files = (
				E22BB2C81E6744E900781EAB /* LaunchScreen.storyboard in Resources */,
				E22BB2C51E6744E900781EAB /* Assets.xcassets in Resources */,
				E22BB2C31E6744E900781EAB /* Main.storyboard in Resources */,
				E213A5621E6F1C7200C9E32C /* CongratsView.xib in Resources */,
				E292AA211E68AD1800C5D890 /* squares in Resources */,
			);
			runOnlyForDeploymentPostprocessing = 0;
		};
/* End PBXResourcesBuildPhase section */

/* Begin PBXSourcesBuildPhase section */
		E22BB2B61E6744E900781EAB /* Sources */ = {
			isa = PBXSourcesBuildPhase;
			buildActionMask = 2147483647;
			files = (
				E22BB2D61E676F5B00781EAB /* MatchingGameViewController.swift in Sources */,
				E213A5601E6F1C4F00C9E32C /* CongratsView.swift in Sources */,
				E22BB2BE1E6744E900781EAB /* AppDelegate.swift in Sources */,
				E2C030F21E6DED4400F53F51 /* HighScores.swift in Sources */,
				E292AA231E68BC2300C5D890 /* MatchingGame.swift in Sources */,
				E2C030F01E6DDAF300F53F51 /* HighScoresViewController.swift in Sources */,
			);
			runOnlyForDeploymentPostprocessing = 0;
		};
/* End PBXSourcesBuildPhase section */

/* Begin PBXVariantGroup section */
		E22BB2C11E6744E900781EAB /* Main.storyboard */ = {
			isa = PBXVariantGroup;
			children = (
				E22BB2C21E6744E900781EAB /* Base */,
			);
			name = Main.storyboard;
			sourceTree = "<group>";
		};
		E22BB2C61E6744E900781EAB /* LaunchScreen.storyboard */ = {
			isa = PBXVariantGroup;
			children = (
				E22BB2C71E6744E900781EAB /* Base */,
			);
			name = LaunchScreen.storyboard;
			sourceTree = "<group>";
		};
/* End PBXVariantGroup section */

/* Begin XCBuildConfiguration section */
		E22BB2CA1E6744E900781EAB /* Debug */ = {
			isa = XCBuildConfiguration;
			buildSettings = {
				ALWAYS_SEARCH_USER_PATHS = NO;
				CLANG_ANALYZER_NONNULL = YES;
				CLANG_CXX_LANGUAGE_STANDARD = "gnu++0x";
				CLANG_CXX_LIBRARY = "libc++";
				CLANG_ENABLE_MODULES = YES;
				CLANG_ENABLE_OBJC_ARC = YES;
				CLANG_WARN_BOOL_CONVERSION = YES;
				CLANG_WARN_CONSTANT_CONVERSION = YES;
				CLANG_WARN_DIRECT_OBJC_ISA_USAGE = YES_ERROR;
				CLANG_WARN_DOCUMENTATION_COMMENTS = YES;
				CLANG_WARN_EMPTY_BODY = YES;
				CLANG_WARN_ENUM_CONVERSION = YES;
				CLANG_WARN_INFINITE_RECURSION = YES;
				CLANG_WARN_INT_CONVERSION = YES;
				CLANG_WARN_OBJC_ROOT_CLASS = YES_ERROR;
				CLANG_WARN_SUSPICIOUS_MOVE = YES;
				CLANG_WARN_UNREACHABLE_CODE = YES;
				CLANG_WARN__DUPLICATE_METHOD_MATCH = YES;
				"CODE_SIGN_IDENTITY[sdk=iphoneos*]" = "iPhone Developer";
				COPY_PHASE_STRIP = NO;
				DEBUG_INFORMATION_FORMAT = dwarf;
				ENABLE_STRICT_OBJC_MSGSEND = YES;
				ENABLE_TESTABILITY = YES;
				GCC_C_LANGUAGE_STANDARD = gnu99;
				GCC_DYNAMIC_NO_PIC = NO;
				GCC_NO_COMMON_BLOCKS = YES;
				GCC_OPTIMIZATION_LEVEL = 0;
				GCC_PREPROCESSOR_DEFINITIONS = (
					"DEBUG=1",
					"$(inherited)",
				);
				GCC_WARN_64_TO_32_BIT_CONVERSION = YES;
				GCC_WARN_ABOUT_RETURN_TYPE = YES_ERROR;
				GCC_WARN_UNDECLARED_SELECTOR = YES;
				GCC_WARN_UNINITIALIZED_AUTOS = YES_AGGRESSIVE;
				GCC_WARN_UNUSED_FUNCTION = YES;
				GCC_WARN_UNUSED_VARIABLE = YES;
				IPHONEOS_DEPLOYMENT_TARGET = 10.2;
				MTL_ENABLE_DEBUG_INFO = YES;
				ONLY_ACTIVE_ARCH = YES;
				SDKROOT = iphoneos;
				SWIFT_ACTIVE_COMPILATION_CONDITIONS = DEBUG;
				SWIFT_OPTIMIZATION_LEVEL = "-Onone";
				TARGETED_DEVICE_FAMILY = "1,2";
			};
			name = Debug;
		};
		E22BB2CB1E6744E900781EAB /* Release */ = {
			isa = XCBuildConfiguration;
			buildSettings = {
				ALWAYS_SEARCH_USER_PATHS = NO;
				CLANG_ANALYZER_NONNULL = YES;
				CLANG_CXX_LANGUAGE_STANDARD = "gnu++0x";
				CLANG_CXX_LIBRARY = "libc++";
				CLANG_ENABLE_MODULES = YES;
				CLANG_ENABLE_OBJC_ARC = YES;
				CLANG_WARN_BOOL_CONVERSION = YES;
				CLANG_WARN_CONSTANT_CONVERSION = YES;
				CLANG_WARN_DIRECT_OBJC_ISA_USAGE = YES_ERROR;
				CLANG_WARN_DOCUMENTATION_COMMENTS = YES;
				CLANG_WARN_EMPTY_BODY = YES;
				CLANG_WARN_ENUM_CONVERSION = YES;
				CLANG_WARN_INFINITE_RECURSION = YES;
				CLANG_WARN_INT_CONVERSION = YES;
				CLANG_WARN_OBJC_ROOT_CLASS = YES_ERROR;
				CLANG_WARN_SUSPICIOUS_MOVE = YES;
				CLANG_WARN_UNREACHABLE_CODE = YES;
				CLANG_WARN__DUPLICATE_METHOD_MATCH = YES;
				"CODE_SIGN_IDENTITY[sdk=iphoneos*]" = "iPhone Developer";
				COPY_PHASE_STRIP = NO;
				DEBUG_INFORMATION_FORMAT = "dwarf-with-dsym";
				ENABLE_NS_ASSERTIONS = NO;
				ENABLE_STRICT_OBJC_MSGSEND = YES;
				GCC_C_LANGUAGE_STANDARD = gnu99;
				GCC_NO_COMMON_BLOCKS = YES;
				GCC_WARN_64_TO_32_BIT_CONVERSION = YES;
				GCC_WARN_ABOUT_RETURN_TYPE = YES_ERROR;
				GCC_WARN_UNDECLARED_SELECTOR = YES;
				GCC_WARN_UNINITIALIZED_AUTOS = YES_AGGRESSIVE;
				GCC_WARN_UNUSED_FUNCTION = YES;
				GCC_WARN_UNUSED_VARIABLE = YES;
				IPHONEOS_DEPLOYMENT_TARGET = 10.2;
				MTL_ENABLE_DEBUG_INFO = NO;
				SDKROOT = iphoneos;
				SWIFT_OPTIMIZATION_LEVEL = "-Owholemodule";
				TARGETED_DEVICE_FAMILY = "1,2";
				VALIDATE_PRODUCT = YES;
			};
			name = Release;
		};
		E22BB2CD1E6744E900781EAB /* Debug */ = {
			isa = XCBuildConfiguration;
			buildSettings = {
				ASSETCATALOG_COMPILER_APPICON_NAME = AppIcon;
				INFOPLIST_FILE = MatchingGame/Info.plist;
				LD_RUNPATH_SEARCH_PATHS = "$(inherited) @executable_path/Frameworks";
				PRODUCT_BUNDLE_IDENTIFIER = Justme.MatchingGame;
				PRODUCT_NAME = "$(TARGET_NAME)";
				SWIFT_VERSION = 3.0;
			};
			name = Debug;
		};
		E22BB2CE1E6744E900781EAB /* Release */ = {
			isa = XCBuildConfiguration;
			buildSettings = {
				ASSETCATALOG_COMPILER_APPICON_NAME = AppIcon;
				INFOPLIST_FILE = MatchingGame/Info.plist;
				LD_RUNPATH_SEARCH_PATHS = "$(inherited) @executable_path/Frameworks";
				PRODUCT_BUNDLE_IDENTIFIER = Justme.MatchingGame;
				PRODUCT_NAME = "$(TARGET_NAME)";
				SWIFT_VERSION = 3.0;
			};
			name = Release;
		};
/* End XCBuildConfiguration section */

/* Begin XCConfigurationList section */
		E22BB2B51E6744E900781EAB /* Build configuration list for PBXProject "MatchingGame" */ = {
			isa = XCConfigurationList;
			buildConfigurations = (
				E22BB2CA1E6744E900781EAB /* Debug */,
				E22BB2CB1E6744E900781EAB /* Release */,
			);
			defaultConfigurationIsVisible = 0;
			defaultConfigurationName = Release;
		};
		E22BB2CC1E6744E900781EAB /* Build configuration list for PBXNativeTarget "MatchingGame" */ = {
			isa = XCConfigurationList;
			buildConfigurations = (
				E22BB2CD1E6744E900781EAB /* Debug */,
				E22BB2CE1E6744E900781EAB /* Release */,
			);
			defaultConfigurationIsVisible = 0;
			defaultConfigurationName = Release;
		};
/* End XCConfigurationList section */
	};
	rootObject = E22BB2B21E6744E900781EAB /* Project object */;
}
